
Microsoft Visual Studio Solution File, Format Version 12.00
# Visual Studio Version 17
VisualStudioVersion = 17.0.32014.148
MinimumVisualStudioVersion = 10.0.40219.1
Project("{FAE04EC0-301F-11D3-BF4B-00C04F79EFBC}") = "ExperimentNone", "ExperimentNone\ExperimentNone.csproj", "{42E52DB7-6E24-478A-9DBB-6A607E852FB6}"
EndProject
Global
	GlobalSection(SolutionConfigurationPlatforms) = preSolution
		Debug|Any CPU = Debug|Any CPU
		Release|Any CPU = Release|Any CPU
	EndGlobalSection
	GlobalSection(ProjectConfigurationPlatforms) = postSolution
		{42E52DB7-6E24-478A-9DBB-6A607E852FB6}.Debug|Any CPU.ActiveCfg = Debug|Any CPU
		{42E52DB7-6E24-478A-9DBB-6A607E852FB6}.Debug|Any CPU.Build.0 = Debug|Any CPU
		{42E52DB7-6E24-478A-9DBB-6A607E852FB6}.Release|Any CPU.ActiveCfg = Release|Any CPU
		{42E52DB7-6E24-478A-9DBB-6A607E852FB6}.Release|Any CPU.Build.0 = Release|Any CPU
	EndGlobalSection
	GlobalSection(SolutionProperties) = preSolution
		HideSolutionNode = FALSE
	EndGlobalSection
	GlobalSection(ExtensibilityGlobals) = postSolution
		SolutionGuid = {B7F2653D-BAD8-43FA-AB03-5B2AE4980CA4}
	EndGlobalSection
EndGlobal
